// !$*UTF8*$!
{
	archiveVersion = 1;
	classes = {
	};
	objectVersion = 46;
	objects = {

/* Begin PBXBuildFile section */
		4BE46A6C35A1CD80550602C4 /* Pods_LocationTracking.framework in Frameworks */ = {isa = PBXBuildFile; fileRef = 5B74AB3D7A8D8C10BDCBA9E2 /* Pods_LocationTracking.framework */; };
		841781601EF56B630020858C /* GoogleService-Info.plist in Resources */ = {isa = PBXBuildFile; fileRef = 8417815F1EF56B630020858C /* GoogleService-Info.plist */; };
		841781631EF58F3F0020858C /* SignInViewController.swift in Sources */ = {isa = PBXBuildFile; fileRef = 841781621EF58F3F0020858C /* SignInViewController.swift */; };
		841781651EF59E320020858C /* SignUpViewController.swift in Sources */ = {isa = PBXBuildFile; fileRef = 841781641EF59E320020858C /* SignUpViewController.swift */; };
		843C03EE1EFADE4C00BE605B /* ContactModel.swift in Sources */ = {isa = PBXBuildFile; fileRef = 843C03ED1EFADE4C00BE605B /* ContactModel.swift */; };
		846C92A91EF4D7AB000993CE /* NavigationBarExtension.swift in Sources */ = {isa = PBXBuildFile; fileRef = 846C92A81EF4D7AB000993CE /* NavigationBarExtension.swift */; };
		846C92AC1EF4D9D3000993CE /* Common.swift in Sources */ = {isa = PBXBuildFile; fileRef = 846C92AB1EF4D9D3000993CE /* Common.swift */; };
		846C92AE1EF4DAB7000993CE /* OriginalViewController.swift in Sources */ = {isa = PBXBuildFile; fileRef = 846C92AD1EF4DAB7000993CE /* OriginalViewController.swift */; };
		846C92B01EF4DC96000993CE /* Define.swift in Sources */ = {isa = PBXBuildFile; fileRef = 846C92AF1EF4DC96000993CE /* Define.swift */; };
		846C92CC1EF5348B000993CE /* FirebaseAction.swift in Sources */ = {isa = PBXBuildFile; fileRef = 846C92CB1EF5348B000993CE /* FirebaseAction.swift */; };
		8485A2081EE869C800D79A61 /* MapViewController.swift in Sources */ = {isa = PBXBuildFile; fileRef = 8485A2071EE869C800D79A61 /* MapViewController.swift */; };
		84B0FB4C1EF8303700F3ABDE /* UIViewExtension.swift in Sources */ = {isa = PBXBuildFile; fileRef = 84B0FB4B1EF8303700F3ABDE /* UIViewExtension.swift */; };
		84B0FB4E1EF8370500F3ABDE /* Toast.swift in Sources */ = {isa = PBXBuildFile; fileRef = 84B0FB4D1EF8370500F3ABDE /* Toast.swift */; };
		84BAAF131F23C6B600DC0718 /* Main.storyboard in Resources */ = {isa = PBXBuildFile; fileRef = 84BAAF111F23C6B600DC0718 /* Main.storyboard */; };
		84BF7F7D1F2A1902001B8A40 /* ProgressView.swift in Sources */ = {isa = PBXBuildFile; fileRef = 84BF7F7C1F2A1902001B8A40 /* ProgressView.swift */; };
		84DC8A6B1EE07C6000B6F9A0 /* AppDelegate.swift in Sources */ = {isa = PBXBuildFile; fileRef = 84DC8A6A1EE07C6000B6F9A0 /* AppDelegate.swift */; };
		84DC8A781EE07C6000B6F9A0 /* LaunchScreen.storyboard in Resources */ = {isa = PBXBuildFile; fileRef = 84DC8A761EE07C6000B6F9A0 /* LaunchScreen.storyboard */; };
		84E871BC1EF9932200F9B817 /* Assets.xcassets in Resources */ = {isa = PBXBuildFile; fileRef = 84E871BB1EF9932200F9B817 /* Assets.xcassets */; };
		D235E1981FCAA66400A87DAF /* LocationModel.swift in Sources */ = {isa = PBXBuildFile; fileRef = D235E1971FCAA66400A87DAF /* LocationModel.swift */; };
		D235E19B1FCAB08C00A87DAF /* SearchLocationTableViewCell.swift in Sources */ = {isa = PBXBuildFile; fileRef = D235E19A1FCAB08C00A87DAF /* SearchLocationTableViewCell.swift */; };
		D23EC3962062A5F0003ECADA /* SplashViewController.swift in Sources */ = {isa = PBXBuildFile; fileRef = D23EC3952062A5F0003ECADA /* SplashViewController.swift */; };
		D24720DD2069508C0035E5CA /* GroupDetailViewController.swift in Sources */ = {isa = PBXBuildFile; fileRef = D24720DC2069508C0035E5CA /* GroupDetailViewController.swift */; };
		D256082C20556A8900CEA39B /* GroupModel.swift in Sources */ = {isa = PBXBuildFile; fileRef = D256082B20556A8900CEA39B /* GroupModel.swift */; };
		D256082F205595FD00CEA39B /* SearchLocationViewController.swift in Sources */ = {isa = PBXBuildFile; fileRef = D256082E205595FC00CEA39B /* SearchLocationViewController.swift */; };
		D256083120559B4E00CEA39B /* ContactViewController.swift in Sources */ = {isa = PBXBuildFile; fileRef = D256083020559B4E00CEA39B /* ContactViewController.swift */; };
		D256083420559B6B00CEA39B /* ContactTableViewCell.swift in Sources */ = {isa = PBXBuildFile; fileRef = D256083320559B6B00CEA39B /* ContactTableViewCell.swift */; };
		D269F6551FA789BF00BEDD9A /* TextField.swift in Sources */ = {isa = PBXBuildFile; fileRef = D269F6541FA789BF00BEDD9A /* TextField.swift */; };
		D289D98D205D83B9008A0AAF /* ProfileViewController.swift in Sources */ = {isa = PBXBuildFile; fileRef = D289D98C205D83B9008A0AAF /* ProfileViewController.swift */; };
		D289D991205D840B008A0AAF /* ChangePasswordViewController.swift in Sources */ = {isa = PBXBuildFile; fileRef = D289D98F205D840B008A0AAF /* ChangePasswordViewController.swift */; };
		D289D998205D8CD1008A0AAF /* AddContactViewController.swift in Sources */ = {isa = PBXBuildFile; fileRef = D289D997205D8CD1008A0AAF /* AddContactViewController.swift */; };
		D289D99A205D8CED008A0AAF /* SearchContactTableViewCell.swift in Sources */ = {isa = PBXBuildFile; fileRef = D289D999205D8CED008A0AAF /* SearchContactTableViewCell.swift */; };
		D289D99E205D8E99008A0AAF /* CreateNewGroupTableViewCell.swift in Sources */ = {isa = PBXBuildFile; fileRef = D289D99C205D8E99008A0AAF /* CreateNewGroupTableViewCell.swift */; };
		D289D99F205D8E99008A0AAF /* CreateNewGroupViewController.swift in Sources */ = {isa = PBXBuildFile; fileRef = D289D99D205D8E99008A0AAF /* CreateNewGroupViewController.swift */; };
		EA152DA8206C861A00D1697B /* GroupDetailTableViewCell.swift in Sources */ = {isa = PBXBuildFile; fileRef = EA152DA7206C861A00D1697B /* GroupDetailTableViewCell.swift */; };
		EA460EE71FCBC8770002D9BF /* APIManager.swift in Sources */ = {isa = PBXBuildFile; fileRef = EA460EE61FCBC8770002D9BF /* APIManager.swift */; };
/* End PBXBuildFile section */

/* Begin PBXFileReference section */
		4044BF4F1532C538EA02B304 /* Pods-LocationTracking.debug.xcconfig */ = {isa = PBXFileReference; includeInIndex = 1; lastKnownFileType = text.xcconfig; name = "Pods-LocationTracking.debug.xcconfig"; path = "Pods/Target Support Files/Pods-LocationTracking/Pods-LocationTracking.debug.xcconfig"; sourceTree = "<group>"; };
		5B74AB3D7A8D8C10BDCBA9E2 /* Pods_LocationTracking.framework */ = {isa = PBXFileReference; explicitFileType = wrapper.framework; includeInIndex = 0; path = Pods_LocationTracking.framework; sourceTree = BUILT_PRODUCTS_DIR; };
		7228424A13E4588FBB83173A /* Pods-LocationTracking.release.xcconfig */ = {isa = PBXFileReference; includeInIndex = 1; lastKnownFileType = text.xcconfig; name = "Pods-LocationTracking.release.xcconfig"; path = "Pods/Target Support Files/Pods-LocationTracking/Pods-LocationTracking.release.xcconfig"; sourceTree = "<group>"; };
		8417815F1EF56B630020858C /* GoogleService-Info.plist */ = {isa = PBXFileReference; fileEncoding = 4; lastKnownFileType = text.plist.xml; path = "GoogleService-Info.plist"; sourceTree = "<group>"; };
		841781621EF58F3F0020858C /* SignInViewController.swift */ = {isa = PBXFileReference; fileEncoding = 4; lastKnownFileType = sourcecode.swift; path = SignInViewController.swift; sourceTree = "<group>"; };
		841781641EF59E320020858C /* SignUpViewController.swift */ = {isa = PBXFileReference; fileEncoding = 4; lastKnownFileType = sourcecode.swift; path = SignUpViewController.swift; sourceTree = "<group>"; };
		843C03ED1EFADE4C00BE605B /* ContactModel.swift */ = {isa = PBXFileReference; fileEncoding = 4; lastKnownFileType = sourcecode.swift; path = ContactModel.swift; sourceTree = "<group>"; };
		846C92A81EF4D7AB000993CE /* NavigationBarExtension.swift */ = {isa = PBXFileReference; fileEncoding = 4; lastKnownFileType = sourcecode.swift; path = NavigationBarExtension.swift; sourceTree = "<group>"; };
		846C92AB1EF4D9D3000993CE /* Common.swift */ = {isa = PBXFileReference; fileEncoding = 4; lastKnownFileType = sourcecode.swift; path = Common.swift; sourceTree = "<group>"; };
		846C92AD1EF4DAB7000993CE /* OriginalViewController.swift */ = {isa = PBXFileReference; fileEncoding = 4; lastKnownFileType = sourcecode.swift; path = OriginalViewController.swift; sourceTree = "<group>"; };
		846C92AF1EF4DC96000993CE /* Define.swift */ = {isa = PBXFileReference; fileEncoding = 4; lastKnownFileType = sourcecode.swift; path = Define.swift; sourceTree = "<group>"; };
		846C92CB1EF5348B000993CE /* FirebaseAction.swift */ = {isa = PBXFileReference; fileEncoding = 4; lastKnownFileType = sourcecode.swift; path = FirebaseAction.swift; sourceTree = "<group>"; };
		8485A2071EE869C800D79A61 /* MapViewController.swift */ = {isa = PBXFileReference; fileEncoding = 4; lastKnownFileType = sourcecode.swift; path = MapViewController.swift; sourceTree = "<group>"; };
		84B0FB4B1EF8303700F3ABDE /* UIViewExtension.swift */ = {isa = PBXFileReference; fileEncoding = 4; lastKnownFileType = sourcecode.swift; path = UIViewExtension.swift; sourceTree = "<group>"; };
		84B0FB4D1EF8370500F3ABDE /* Toast.swift */ = {isa = PBXFileReference; fileEncoding = 4; lastKnownFileType = sourcecode.swift; path = Toast.swift; sourceTree = "<group>"; };
		84BAAF121F23C6B600DC0718 /* Base */ = {isa = PBXFileReference; lastKnownFileType = file.storyboard; name = Base; path = Base.lproj/Main.storyboard; sourceTree = "<group>"; };
		84BF7F7C1F2A1902001B8A40 /* ProgressView.swift */ = {isa = PBXFileReference; fileEncoding = 4; lastKnownFileType = sourcecode.swift; path = ProgressView.swift; sourceTree = "<group>"; };
		84DC8A671EE07C6000B6F9A0 /* LocationTracking.app */ = {isa = PBXFileReference; explicitFileType = wrapper.application; includeInIndex = 0; path = LocationTracking.app; sourceTree = BUILT_PRODUCTS_DIR; };
		84DC8A6A1EE07C6000B6F9A0 /* AppDelegate.swift */ = {isa = PBXFileReference; lastKnownFileType = sourcecode.swift; path = AppDelegate.swift; sourceTree = "<group>"; };
		84DC8A771EE07C6000B6F9A0 /* Base */ = {isa = PBXFileReference; lastKnownFileType = file.storyboard; name = Base; path = Base.lproj/LaunchScreen.storyboard; sourceTree = "<group>"; };
		84DC8A791EE07C6000B6F9A0 /* Info.plist */ = {isa = PBXFileReference; lastKnownFileType = text.plist.xml; path = Info.plist; sourceTree = "<group>"; };
		84DC8A821EE07CE000B6F9A0 /* LocationTracking.entitlements */ = {isa = PBXFileReference; lastKnownFileType = text.plist.entitlements; path = LocationTracking.entitlements; sourceTree = "<group>"; };
		84E871BB1EF9932200F9B817 /* Assets.xcassets */ = {isa = PBXFileReference; lastKnownFileType = folder.assetcatalog; path = Assets.xcassets; sourceTree = "<group>"; };
		D235E1971FCAA66400A87DAF /* LocationModel.swift */ = {isa = PBXFileReference; lastKnownFileType = sourcecode.swift; path = LocationModel.swift; sourceTree = "<group>"; };
		D235E19A1FCAB08C00A87DAF /* SearchLocationTableViewCell.swift */ = {isa = PBXFileReference; lastKnownFileType = sourcecode.swift; path = SearchLocationTableViewCell.swift; sourceTree = "<group>"; };
		D23EC3952062A5F0003ECADA /* SplashViewController.swift */ = {isa = PBXFileReference; lastKnownFileType = sourcecode.swift; path = SplashViewController.swift; sourceTree = "<group>"; };
		D24720DC2069508C0035E5CA /* GroupDetailViewController.swift */ = {isa = PBXFileReference; lastKnownFileType = sourcecode.swift; path = GroupDetailViewController.swift; sourceTree = "<group>"; };
		D256082B20556A8900CEA39B /* GroupModel.swift */ = {isa = PBXFileReference; lastKnownFileType = sourcecode.swift; path = GroupModel.swift; sourceTree = "<group>"; };
		D256082E205595FC00CEA39B /* SearchLocationViewController.swift */ = {isa = PBXFileReference; fileEncoding = 4; lastKnownFileType = sourcecode.swift; path = SearchLocationViewController.swift; sourceTree = "<group>"; };
		D256083020559B4E00CEA39B /* ContactViewController.swift */ = {isa = PBXFileReference; fileEncoding = 4; lastKnownFileType = sourcecode.swift; path = ContactViewController.swift; sourceTree = "<group>"; };
		D256083320559B6B00CEA39B /* ContactTableViewCell.swift */ = {isa = PBXFileReference; fileEncoding = 4; lastKnownFileType = sourcecode.swift; path = ContactTableViewCell.swift; sourceTree = "<group>"; };
		D269F6541FA789BF00BEDD9A /* TextField.swift */ = {isa = PBXFileReference; lastKnownFileType = sourcecode.swift; path = TextField.swift; sourceTree = "<group>"; };
		D289D98C205D83B9008A0AAF /* ProfileViewController.swift */ = {isa = PBXFileReference; fileEncoding = 4; lastKnownFileType = sourcecode.swift; path = ProfileViewController.swift; sourceTree = "<group>"; };
		D289D98F205D840B008A0AAF /* ChangePasswordViewController.swift */ = {isa = PBXFileReference; fileEncoding = 4; lastKnownFileType = sourcecode.swift; path = ChangePasswordViewController.swift; sourceTree = "<group>"; };
		D289D997205D8CD1008A0AAF /* AddContactViewController.swift */ = {isa = PBXFileReference; fileEncoding = 4; lastKnownFileType = sourcecode.swift; path = AddContactViewController.swift; sourceTree = "<group>"; };
		D289D999205D8CED008A0AAF /* SearchContactTableViewCell.swift */ = {isa = PBXFileReference; fileEncoding = 4; lastKnownFileType = sourcecode.swift; path = SearchContactTableViewCell.swift; sourceTree = "<group>"; };
		D289D99C205D8E99008A0AAF /* CreateNewGroupTableViewCell.swift */ = {isa = PBXFileReference; fileEncoding = 4; lastKnownFileType = sourcecode.swift; path = CreateNewGroupTableViewCell.swift; sourceTree = "<group>"; };
		D289D99D205D8E99008A0AAF /* CreateNewGroupViewController.swift */ = {isa = PBXFileReference; fileEncoding = 4; lastKnownFileType = sourcecode.swift; path = CreateNewGroupViewController.swift; sourceTree = "<group>"; };
		EA152DA7206C861A00D1697B /* GroupDetailTableViewCell.swift */ = {isa = PBXFileReference; lastKnownFileType = sourcecode.swift; path = GroupDetailTableViewCell.swift; sourceTree = "<group>"; };
		EA460EE61FCBC8770002D9BF /* APIManager.swift */ = {isa = PBXFileReference; lastKnownFileType = sourcecode.swift; path = APIManager.swift; sourceTree = "<group>"; };
/* End PBXFileReference section */

/* Begin PBXFrameworksBuildPhase section */
		84DC8A641EE07C6000B6F9A0 /* Frameworks */ = {
			isa = PBXFrameworksBuildPhase;
			buildActionMask = 2147483647;
			files = (
				4BE46A6C35A1CD80550602C4 /* Pods_LocationTracking.framework in Frameworks */,
			);
			runOnlyForDeploymentPostprocessing = 0;
		};
/* End PBXFrameworksBuildPhase section */

/* Begin PBXGroup section */
		501DBDF941BDC433546F33C0 /* Pods */ = {
			isa = PBXGroup;
			children = (
				4044BF4F1532C538EA02B304 /* Pods-LocationTracking.debug.xcconfig */,
				7228424A13E4588FBB83173A /* Pods-LocationTracking.release.xcconfig */,
			);
			name = Pods;
			sourceTree = "<group>";
		};
		841781611EF58EB10020858C /* SignIn */ = {
			isa = PBXGroup;
			children = (
				841781621EF58F3F0020858C /* SignInViewController.swift */,
				841781641EF59E320020858C /* SignUpViewController.swift */,
			);
			name = SignIn;
			sourceTree = "<group>";
		};
		843C03EC1EFADE3000BE605B /* Model */ = {
			isa = PBXGroup;
			children = (
				843C03ED1EFADE4C00BE605B /* ContactModel.swift */,
				D235E1971FCAA66400A87DAF /* LocationModel.swift */,
				D256082B20556A8900CEA39B /* GroupModel.swift */,
			);
			name = Model;
			sourceTree = "<group>";
		};
		846C92A71EF4D601000993CE /* Extension */ = {
			isa = PBXGroup;
			children = (
				846C92A81EF4D7AB000993CE /* NavigationBarExtension.swift */,
				84B0FB4B1EF8303700F3ABDE /* UIViewExtension.swift */,
				D269F6541FA789BF00BEDD9A /* TextField.swift */,
			);
			name = Extension;
			sourceTree = "<group>";
		};
		846C92AA1EF4D8E3000993CE /* Commom */ = {
			isa = PBXGroup;
			children = (
				846C92AF1EF4DC96000993CE /* Define.swift */,
				846C92AB1EF4D9D3000993CE /* Common.swift */,
				846C92CB1EF5348B000993CE /* FirebaseAction.swift */,
				846C92AD1EF4DAB7000993CE /* OriginalViewController.swift */,
				EA460EE61FCBC8770002D9BF /* APIManager.swift */,
			);
			name = Commom;
			sourceTree = "<group>";
		};
		846C92B11EF4E40E000993CE /* Library */ = {
			isa = PBXGroup;
			children = (
				84B0FB4D1EF8370500F3ABDE /* Toast.swift */,
				84BF7F7C1F2A1902001B8A40 /* ProgressView.swift */,
			);
			name = Library;
			sourceTree = "<group>";
		};
		846C92C81EF5170C000993CE /* ViewController */ = {
			isa = PBXGroup;
			children = (
				D289D99B205D8E8E008A0AAF /* Group */,
				D289D994205D8C25008A0AAF /* Location */,
				D289D98B205D839D008A0AAF /* Profile */,
				D256082D205595D400CEA39B /* Contact */,
				841781611EF58EB10020858C /* SignIn */,
				8485A2061EE8694800D79A61 /* Map */,
			);
			name = ViewController;
			sourceTree = "<group>";
		};
		8485A2061EE8694800D79A61 /* Map */ = {
			isa = PBXGroup;
			children = (
				D235E1991FCAB03E00A87DAF /* Cell */,
				8485A2071EE869C800D79A61 /* MapViewController.swift */,
			);
			name = Map;
			sourceTree = "<group>";
		};
		84DC8A5E1EE07C6000B6F9A0 = {
			isa = PBXGroup;
			children = (
				84DC8A691EE07C6000B6F9A0 /* LocationTracking */,
				84DC8A681EE07C6000B6F9A0 /* Products */,
				84DC8A7F1EE07C9B00B6F9A0 /* Frameworks */,
				501DBDF941BDC433546F33C0 /* Pods */,
			);
			sourceTree = "<group>";
		};
		84DC8A681EE07C6000B6F9A0 /* Products */ = {
			isa = PBXGroup;
			children = (
				84DC8A671EE07C6000B6F9A0 /* LocationTracking.app */,
			);
			name = Products;
			sourceTree = "<group>";
		};
		84DC8A691EE07C6000B6F9A0 /* LocationTracking */ = {
			isa = PBXGroup;
			children = (
				84DC8A6A1EE07C6000B6F9A0 /* AppDelegate.swift */,
				D23EC3952062A5F0003ECADA /* SplashViewController.swift */,
				84DC8A761EE07C6000B6F9A0 /* LaunchScreen.storyboard */,
				84BAAF111F23C6B600DC0718 /* Main.storyboard */,
				843C03EC1EFADE3000BE605B /* Model */,
				846C92B11EF4E40E000993CE /* Library */,
				846C92AA1EF4D8E3000993CE /* Commom */,
				846C92A71EF4D601000993CE /* Extension */,
				846C92C81EF5170C000993CE /* ViewController */,
				84DC8A821EE07CE000B6F9A0 /* LocationTracking.entitlements */,
				84E871BB1EF9932200F9B817 /* Assets.xcassets */,
				8417815F1EF56B630020858C /* GoogleService-Info.plist */,
				84DC8A791EE07C6000B6F9A0 /* Info.plist */,
			);
			path = LocationTracking;
			sourceTree = "<group>";
		};
		84DC8A7F1EE07C9B00B6F9A0 /* Frameworks */ = {
			isa = PBXGroup;
			children = (
				5B74AB3D7A8D8C10BDCBA9E2 /* Pods_LocationTracking.framework */,
			);
			name = Frameworks;
			sourceTree = "<group>";
		};
		D235E1991FCAB03E00A87DAF /* Cell */ = {
			isa = PBXGroup;
			children = (
				D235E19A1FCAB08C00A87DAF /* SearchLocationTableViewCell.swift */,
			);
			name = Cell;
			sourceTree = "<group>";
		};
		D256082D205595D400CEA39B /* Contact */ = {
			isa = PBXGroup;
			children = (
				D256083220559B5100CEA39B /* Cell */,
				D256083020559B4E00CEA39B /* ContactViewController.swift */,
				D289D997205D8CD1008A0AAF /* AddContactViewController.swift */,
			);
			name = Contact;
			sourceTree = "<group>";
		};
		D256083220559B5100CEA39B /* Cell */ = {
			isa = PBXGroup;
			children = (
				D289D999205D8CED008A0AAF /* SearchContactTableViewCell.swift */,
				D256083320559B6B00CEA39B /* ContactTableViewCell.swift */,
			);
			name = Cell;
			sourceTree = "<group>";
		};
		D289D98B205D839D008A0AAF /* Profile */ = {
			isa = PBXGroup;
			children = (
				D289D98F205D840B008A0AAF /* ChangePasswordViewController.swift */,
				D289D98C205D83B9008A0AAF /* ProfileViewController.swift */,
			);
			name = Profile;
			sourceTree = "<group>";
		};
		D289D994205D8C25008A0AAF /* Location */ = {
			isa = PBXGroup;
			children = (
				D256082E205595FC00CEA39B /* SearchLocationViewController.swift */,
			);
			name = Location;
			sourceTree = "<group>";
		};
		D289D99B205D8E8E008A0AAF /* Group */ = {
			isa = PBXGroup;
			children = (
				D289D9A0205D8E9D008A0AAF /* Cell */,
				D289D99D205D8E99008A0AAF /* CreateNewGroupViewController.swift */,
				D24720DC2069508C0035E5CA /* GroupDetailViewController.swift */,
			);
			name = Group;
			sourceTree = "<group>";
		};
		D289D9A0205D8E9D008A0AAF /* Cell */ = {
			isa = PBXGroup;
			children = (
				D289D99C205D8E99008A0AAF /* CreateNewGroupTableViewCell.swift */,
				EA152DA7206C861A00D1697B /* GroupDetailTableViewCell.swift */,
			);
			name = Cell;
			sourceTree = "<group>";
		};
/* End PBXGroup section */

/* Begin PBXNativeTarget section */
		84DC8A661EE07C6000B6F9A0 /* LocationTracking */ = {
			isa = PBXNativeTarget;
			buildConfigurationList = 84DC8A7C1EE07C6000B6F9A0 /* Build configuration list for PBXNativeTarget "LocationTracking" */;
			buildPhases = (
				E03F91688EF8FBAFA692ED54 /* [CP] Check Pods Manifest.lock */,
				84DC8A631EE07C6000B6F9A0 /* Sources */,
				84DC8A641EE07C6000B6F9A0 /* Frameworks */,
				84DC8A651EE07C6000B6F9A0 /* Resources */,
				42155FAD2BA8806C5EFC46E0 /* [CP] Embed Pods Frameworks */,
				8FAE09670A0C9A3BEFC3585A /* [CP] Copy Pods Resources */,
			);
			buildRules = (
			);
			dependencies = (
			);
			name = LocationTracking;
			productName = LocationTracking;
			productReference = 84DC8A671EE07C6000B6F9A0 /* LocationTracking.app */;
			productType = "com.apple.product-type.application";
		};
/* End PBXNativeTarget section */

/* Begin PBXProject section */
		84DC8A5F1EE07C6000B6F9A0 /* Project object */ = {
			isa = PBXProject;
			attributes = {
				LastSwiftUpdateCheck = 0820;
				LastUpgradeCheck = 0820;
				ORGANIZATIONNAME = "Nguyen Hai Dang";
				TargetAttributes = {
					84DC8A661EE07C6000B6F9A0 = {
						CreatedOnToolsVersion = 8.2.1;
						DevelopmentTeam = Q38789M8SL;
						ProvisioningStyle = Manual;
						SystemCapabilities = {
							com.apple.BackgroundModes = {
								enabled = 1;
							};
							com.apple.InAppPurchase = {
								enabled = 0;
							};
							com.apple.Maps.iOS = {
								enabled = 0;
							};
							com.apple.Push = {
								enabled = 0;
							};
						};
					};
				};
			};
			buildConfigurationList = 84DC8A621EE07C6000B6F9A0 /* Build configuration list for PBXProject "LocationTracking" */;
			compatibilityVersion = "Xcode 3.2";
			developmentRegion = English;
			hasScannedForEncodings = 0;
			knownRegions = (
				en,
				Base,
			);
			mainGroup = 84DC8A5E1EE07C6000B6F9A0;
			productRefGroup = 84DC8A681EE07C6000B6F9A0 /* Products */;
			projectDirPath = "";
			projectRoot = "";
			targets = (
				84DC8A661EE07C6000B6F9A0 /* LocationTracking */,
			);
		};
/* End PBXProject section */

/* Begin PBXResourcesBuildPhase section */
		84DC8A651EE07C6000B6F9A0 /* Resources */ = {
			isa = PBXResourcesBuildPhase;
			buildActionMask = 2147483647;
			files = (
				84DC8A781EE07C6000B6F9A0 /* LaunchScreen.storyboard in Resources */,
				841781601EF56B630020858C /* GoogleService-Info.plist in Resources */,
				84E871BC1EF9932200F9B817 /* Assets.xcassets in Resources */,
				84BAAF131F23C6B600DC0718 /* Main.storyboard in Resources */,
			);
			runOnlyForDeploymentPostprocessing = 0;
		};
/* End PBXResourcesBuildPhase section */

/* Begin PBXShellScriptBuildPhase section */
		42155FAD2BA8806C5EFC46E0 /* [CP] Embed Pods Frameworks */ = {
			isa = PBXShellScriptBuildPhase;
			buildActionMask = 2147483647;
			files = (
			);
			inputPaths = (
				"${SRCROOT}/Pods/Target Support Files/Pods-LocationTracking/Pods-LocationTracking-frameworks.sh",
				"${BUILT_PRODUCTS_DIR}/Alamofire/Alamofire.framework",
				"${BUILT_PRODUCTS_DIR}/GTMSessionFetcher/GTMSessionFetcher.framework",
				"${BUILT_PRODUCTS_DIR}/GoogleToolboxForMac/GoogleToolboxForMac.framework",
				"${BUILT_PRODUCTS_DIR}/Protobuf/Protobuf.framework",
				"${BUILT_PRODUCTS_DIR}/RappleProgressHUD/RappleProgressHUD.framework",
				"${BUILT_PRODUCTS_DIR}/SwiftyJSON/SwiftyJSON.framework",
				"${BUILT_PRODUCTS_DIR}/leveldb-library/leveldb.framework",
				"${BUILT_PRODUCTS_DIR}/nanopb/nanopb.framework",
			);
			name = "[CP] Embed Pods Frameworks";
			outputPaths = (
				"${TARGET_BUILD_DIR}/${FRAMEWORKS_FOLDER_PATH}/Alamofire.framework",
				"${TARGET_BUILD_DIR}/${FRAMEWORKS_FOLDER_PATH}/GTMSessionFetcher.framework",
				"${TARGET_BUILD_DIR}/${FRAMEWORKS_FOLDER_PATH}/GoogleToolboxForMac.framework",
				"${TARGET_BUILD_DIR}/${FRAMEWORKS_FOLDER_PATH}/Protobuf.framework",
				"${TARGET_BUILD_DIR}/${FRAMEWORKS_FOLDER_PATH}/RappleProgressHUD.framework",
				"${TARGET_BUILD_DIR}/${FRAMEWORKS_FOLDER_PATH}/SwiftyJSON.framework",
				"${TARGET_BUILD_DIR}/${FRAMEWORKS_FOLDER_PATH}/leveldb.framework",
				"${TARGET_BUILD_DIR}/${FRAMEWORKS_FOLDER_PATH}/nanopb.framework",
			);
			runOnlyForDeploymentPostprocessing = 0;
			shellPath = /bin/sh;
			shellScript = "\"${SRCROOT}/Pods/Target Support Files/Pods-LocationTracking/Pods-LocationTracking-frameworks.sh\"\n";
			showEnvVarsInLog = 0;
		};
		8FAE09670A0C9A3BEFC3585A /* [CP] Copy Pods Resources */ = {
			isa = PBXShellScriptBuildPhase;
			buildActionMask = 2147483647;
			files = (
			);
			inputPaths = (
				"${SRCROOT}/Pods/Target Support Files/Pods-LocationTracking/Pods-LocationTracking-resources.sh",
				"${PODS_ROOT}/GoogleMaps/Maps/Frameworks/GoogleMaps.framework/Resources/GoogleMaps.bundle",
				"${PODS_ROOT}/GooglePlaces/Frameworks/GooglePlaces.framework/Resources/GooglePlaces.bundle",
			);
			name = "[CP] Copy Pods Resources";
			outputPaths = (
				"${TARGET_BUILD_DIR}/${UNLOCALIZED_RESOURCES_FOLDER_PATH}/GoogleMaps.bundle",
				"${TARGET_BUILD_DIR}/${UNLOCALIZED_RESOURCES_FOLDER_PATH}/GooglePlaces.bundle",
			);
			runOnlyForDeploymentPostprocessing = 0;
			shellPath = /bin/sh;
			shellScript = "\"${SRCROOT}/Pods/Target Support Files/Pods-LocationTracking/Pods-LocationTracking-resources.sh\"\n";
			showEnvVarsInLog = 0;
		};
		E03F91688EF8FBAFA692ED54 /* [CP] Check Pods Manifest.lock */ = {
			isa = PBXShellScriptBuildPhase;
			buildActionMask = 2147483647;
			files = (
			);
			inputPaths = (
				"${PODS_PODFILE_DIR_PATH}/Podfile.lock",
				"${PODS_ROOT}/Manifest.lock",
			);
			name = "[CP] Check Pods Manifest.lock";
			outputPaths = (
				"$(DERIVED_FILE_DIR)/Pods-LocationTracking-checkManifestLockResult.txt",
			);
			runOnlyForDeploymentPostprocessing = 0;
			shellPath = /bin/sh;
			shellScript = "diff \"${PODS_PODFILE_DIR_PATH}/Podfile.lock\" \"${PODS_ROOT}/Manifest.lock\" > /dev/null\nif [ $? != 0 ] ; then\n    # print error to STDERR\n    echo \"error: The sandbox is not in sync with the Podfile.lock. Run 'pod install' or update your CocoaPods installation.\" >&2\n    exit 1\nfi\n# This output is used by Xcode 'outputs' to avoid re-running this script phase.\necho \"SUCCESS\" > \"${SCRIPT_OUTPUT_FILE_0}\"\n";
			showEnvVarsInLog = 0;
		};
/* End PBXShellScriptBuildPhase section */

/* Begin PBXSourcesBuildPhase section */
		84DC8A631EE07C6000B6F9A0 /* Sources */ = {
			isa = PBXSourcesBuildPhase;
			buildActionMask = 2147483647;
			files = (
				846C92AE1EF4DAB7000993CE /* OriginalViewController.swift in Sources */,
				D256082C20556A8900CEA39B /* GroupModel.swift in Sources */,
				EA460EE71FCBC8770002D9BF /* APIManager.swift in Sources */,
				D235E19B1FCAB08C00A87DAF /* SearchLocationTableViewCell.swift in Sources */,
				D289D99F205D8E99008A0AAF /* CreateNewGroupViewController.swift in Sources */,
				846C92B01EF4DC96000993CE /* Define.swift in Sources */,
				EA152DA8206C861A00D1697B /* GroupDetailTableViewCell.swift in Sources */,
				846C92CC1EF5348B000993CE /* FirebaseAction.swift in Sources */,
				D289D98D205D83B9008A0AAF /* ProfileViewController.swift in Sources */,
				84B0FB4E1EF8370500F3ABDE /* Toast.swift in Sources */,
				D23EC3962062A5F0003ECADA /* SplashViewController.swift in Sources */,
				84B0FB4C1EF8303700F3ABDE /* UIViewExtension.swift in Sources */,
				D289D991205D840B008A0AAF /* ChangePasswordViewController.swift in Sources */,
				D289D99E205D8E99008A0AAF /* CreateNewGroupTableViewCell.swift in Sources */,
				D256082F205595FD00CEA39B /* SearchLocationViewController.swift in Sources */,
				D256083120559B4E00CEA39B /* ContactViewController.swift in Sources */,
				843C03EE1EFADE4C00BE605B /* ContactModel.swift in Sources */,
				D235E1981FCAA66400A87DAF /* LocationModel.swift in Sources */,
				841781631EF58F3F0020858C /* SignInViewController.swift in Sources */,
				841781651EF59E320020858C /* SignUpViewController.swift in Sources */,
				D269F6551FA789BF00BEDD9A /* TextField.swift in Sources */,
				84DC8A6B1EE07C6000B6F9A0 /* AppDelegate.swift in Sources */,
				D289D99A205D8CED008A0AAF /* SearchContactTableViewCell.swift in Sources */,
				D24720DD2069508C0035E5CA /* GroupDetailViewController.swift in Sources */,
				8485A2081EE869C800D79A61 /* MapViewController.swift in Sources */,
				846C92AC1EF4D9D3000993CE /* Common.swift in Sources */,
				D256083420559B6B00CEA39B /* ContactTableViewCell.swift in Sources */,
				846C92A91EF4D7AB000993CE /* NavigationBarExtension.swift in Sources */,
				D289D998205D8CD1008A0AAF /* AddContactViewController.swift in Sources */,
				84BF7F7D1F2A1902001B8A40 /* ProgressView.swift in Sources */,
			);
			runOnlyForDeploymentPostprocessing = 0;
		};
/* End PBXSourcesBuildPhase section */

/* Begin PBXVariantGroup section */
		84BAAF111F23C6B600DC0718 /* Main.storyboard */ = {
			isa = PBXVariantGroup;
			children = (
				84BAAF121F23C6B600DC0718 /* Base */,
			);
			name = Main.storyboard;
			sourceTree = "<group>";
		};
		84DC8A761EE07C6000B6F9A0 /* LaunchScreen.storyboard */ = {
			isa = PBXVariantGroup;
			children = (
				84DC8A771EE07C6000B6F9A0 /* Base */,
			);
			name = LaunchScreen.storyboard;
			sourceTree = "<group>";
		};
/* End PBXVariantGroup section */

/* Begin XCBuildConfiguration section */
		84DC8A7A1EE07C6000B6F9A0 /* Debug */ = {
			isa = XCBuildConfiguration;
			buildSettings = {
				ALWAYS_SEARCH_USER_PATHS = NO;
				CLANG_ANALYZER_NONNULL = YES;
				CLANG_CXX_LANGUAGE_STANDARD = "gnu++0x";
				CLANG_CXX_LIBRARY = "libc++";
				CLANG_ENABLE_MODULES = YES;
				CLANG_ENABLE_OBJC_ARC = YES;
				CLANG_WARN_BOOL_CONVERSION = YES;
				CLANG_WARN_CONSTANT_CONVERSION = YES;
				CLANG_WARN_DIRECT_OBJC_ISA_USAGE = YES_ERROR;
				CLANG_WARN_DOCUMENTATION_COMMENTS = YES;
				CLANG_WARN_EMPTY_BODY = YES;
				CLANG_WARN_ENUM_CONVERSION = YES;
				CLANG_WARN_INFINITE_RECURSION = YES;
				CLANG_WARN_INT_CONVERSION = YES;
				CLANG_WARN_OBJC_ROOT_CLASS = YES_ERROR;
				CLANG_WARN_SUSPICIOUS_MOVE = YES;
				CLANG_WARN_UNREACHABLE_CODE = YES;
				CLANG_WARN__DUPLICATE_METHOD_MATCH = YES;
				"CODE_SIGN_IDENTITY[sdk=iphoneos*]" = "iPhone Developer";
				COPY_PHASE_STRIP = NO;
				DEBUG_INFORMATION_FORMAT = dwarf;
				ENABLE_STRICT_OBJC_MSGSEND = YES;
				ENABLE_TESTABILITY = YES;
				GCC_C_LANGUAGE_STANDARD = gnu99;
				GCC_DYNAMIC_NO_PIC = NO;
				GCC_NO_COMMON_BLOCKS = YES;
				GCC_OPTIMIZATION_LEVEL = 0;
				GCC_PREPROCESSOR_DEFINITIONS = (
					"DEBUG=1",
					"$(inherited)",
				);
				GCC_WARN_64_TO_32_BIT_CONVERSION = YES;
				GCC_WARN_ABOUT_RETURN_TYPE = YES_ERROR;
				GCC_WARN_UNDECLARED_SELECTOR = YES;
				GCC_WARN_UNINITIALIZED_AUTOS = YES_AGGRESSIVE;
				GCC_WARN_UNUSED_FUNCTION = YES;
				GCC_WARN_UNUSED_VARIABLE = YES;
				IPHONEOS_DEPLOYMENT_TARGET = 10.2;
				MTL_ENABLE_DEBUG_INFO = YES;
				ONLY_ACTIVE_ARCH = YES;
				SDKROOT = iphoneos;
				SWIFT_ACTIVE_COMPILATION_CONDITIONS = DEBUG;
				SWIFT_OPTIMIZATION_LEVEL = "-Onone";
				TARGETED_DEVICE_FAMILY = "1,2";
			};
			name = Debug;
		};
		84DC8A7B1EE07C6000B6F9A0 /* Release */ = {
			isa = XCBuildConfiguration;
			buildSettings = {
				ALWAYS_SEARCH_USER_PATHS = NO;
				CLANG_ANALYZER_NONNULL = YES;
				CLANG_CXX_LANGUAGE_STANDARD = "gnu++0x";
				CLANG_CXX_LIBRARY = "libc++";
				CLANG_ENABLE_MODULES = YES;
				CLANG_ENABLE_OBJC_ARC = YES;
				CLANG_WARN_BOOL_CONVERSION = YES;
				CLANG_WARN_CONSTANT_CONVERSION = YES;
				CLANG_WARN_DIRECT_OBJC_ISA_USAGE = YES_ERROR;
				CLANG_WARN_DOCUMENTATION_COMMENTS = YES;
				CLANG_WARN_EMPTY_BODY = YES;
				CLANG_WARN_ENUM_CONVERSION = YES;
				CLANG_WARN_INFINITE_RECURSION = YES;
				CLANG_WARN_INT_CONVERSION = YES;
				CLANG_WARN_OBJC_ROOT_CLASS = YES_ERROR;
				CLANG_WARN_SUSPICIOUS_MOVE = YES;
				CLANG_WARN_UNREACHABLE_CODE = YES;
				CLANG_WARN__DUPLICATE_METHOD_MATCH = YES;
				"CODE_SIGN_IDENTITY[sdk=iphoneos*]" = "iPhone Developer";
				COPY_PHASE_STRIP = NO;
				DEBUG_INFORMATION_FORMAT = "dwarf-with-dsym";
				ENABLE_NS_ASSERTIONS = NO;
				ENABLE_STRICT_OBJC_MSGSEND = YES;
				GCC_C_LANGUAGE_STANDARD = gnu99;
				GCC_NO_COMMON_BLOCKS = YES;
				GCC_WARN_64_TO_32_BIT_CONVERSION = YES;
				GCC_WARN_ABOUT_RETURN_TYPE = YES_ERROR;
				GCC_WARN_UNDECLARED_SELECTOR = YES;
				GCC_WARN_UNINITIALIZED_AUTOS = YES_AGGRESSIVE;
				GCC_WARN_UNUSED_FUNCTION = YES;
				GCC_WARN_UNUSED_VARIABLE = YES;
				IPHONEOS_DEPLOYMENT_TARGET = 10.2;
				MTL_ENABLE_DEBUG_INFO = NO;
				SDKROOT = iphoneos;
				SWIFT_OPTIMIZATION_LEVEL = "-Owholemodule";
				TARGETED_DEVICE_FAMILY = "1,2";
				VALIDATE_PRODUCT = YES;
			};
			name = Release;
		};
		84DC8A7D1EE07C6000B6F9A0 /* Debug */ = {
			isa = XCBuildConfiguration;
			baseConfigurationReference = 4044BF4F1532C538EA02B304 /* Pods-LocationTracking.debug.xcconfig */;
			buildSettings = {
				ASSETCATALOG_COMPILER_APPICON_NAME = AppIcon;
				ASSETCATALOG_COMPILER_LAUNCHIMAGE_NAME = LaunchImage;
				"CODE_SIGN_IDENTITY[sdk=iphoneos*]" = "iPhone Distribution";
				CODE_SIGN_STYLE = Manual;
				DEFINES_MODULE = YES;
				DEVELOPMENT_TEAM = Q38789M8SL;
				ENABLE_BITCODE = NO;
				INFOPLIST_FILE = LocationTracking/Info.plist;
				IPHONEOS_DEPLOYMENT_TARGET = 8.0;
				LD_RUNPATH_SEARCH_PATHS = "$(inherited) @executable_path/Frameworks";
				PRODUCT_BUNDLE_IDENTIFIER = Beacon.LocationTracking;
				PRODUCT_NAME = "$(TARGET_NAME)";
				PROVISIONING_PROFILE = "59be4a18-b8f4-4f7a-931b-7df0829f2c64";
				PROVISIONING_PROFILE_SPECIFIER = LocationShareDistribution;
				SWIFT_VERSION = 3.0;
				TARGETED_DEVICE_FAMILY = 1;
			};
			name = Debug;
		};
		84DC8A7E1EE07C6000B6F9A0 /* Release */ = {
			isa = XCBuildConfiguration;
			baseConfigurationReference = 7228424A13E4588FBB83173A /* Pods-LocationTracking.release.xcconfig */;
			buildSettings = {
				ASSETCATALOG_COMPILER_APPICON_NAME = AppIcon;
				ASSETCATALOG_COMPILER_LAUNCHIMAGE_NAME = LaunchImage;
				"CODE_SIGN_IDENTITY[sdk=iphoneos*]" = "iPhone Distribution";
				CODE_SIGN_STYLE = Manual;
				DEFINES_MODULE = YES;
				DEVELOPMENT_TEAM = Q38789M8SL;
				ENABLE_BITCODE = NO;
				INFOPLIST_FILE = LocationTracking/Info.plist;
				IPHONEOS_DEPLOYMENT_TARGET = 8.0;
				LD_RUNPATH_SEARCH_PATHS = "$(inherited) @executable_path/Frameworks";
				PRODUCT_BUNDLE_IDENTIFIER = Beacon.LocationTracking;
				PRODUCT_NAME = "$(TARGET_NAME)";
				PROVISIONING_PROFILE = "59be4a18-b8f4-4f7a-931b-7df0829f2c64";
				PROVISIONING_PROFILE_SPECIFIER = LocationShareDistribution;
				SWIFT_VERSION = 3.0;
				TARGETED_DEVICE_FAMILY = 1;
			};
			name = Release;
		};
/* End XCBuildConfiguration section */

/* Begin XCConfigurationList section */
		84DC8A621EE07C6000B6F9A0 /* Build configuration list for PBXProject "LocationTracking" */ = {
			isa = XCConfigurationList;
			buildConfigurations = (
				84DC8A7A1EE07C6000B6F9A0 /* Debug */,
				84DC8A7B1EE07C6000B6F9A0 /* Release */,
			);
			defaultConfigurationIsVisible = 0;
			defaultConfigurationName = Release;
		};
		84DC8A7C1EE07C6000B6F9A0 /* Build configuration list for PBXNativeTarget "LocationTracking" */ = {
			isa = XCConfigurationList;
			buildConfigurations = (
				84DC8A7D1EE07C6000B6F9A0 /* Debug */,
				84DC8A7E1EE07C6000B6F9A0 /* Release */,
			);
			defaultConfigurationIsVisible = 0;
			defaultConfigurationName = Release;
		};
/* End XCConfigurationList section */
	};
	rootObject = 84DC8A5F1EE07C6000B6F9A0 /* Project object */;
}
